
Microsoft Visual Studio Solution File, Format Version 12.00
# Visual Studio Version 16
VisualStudioVersion = 16.0.34601.136
MinimumVisualStudioVersion = 10.0.40219.1
Project("{FAE04EC0-301F-11D3-BF4B-00C04F79EFBC}") = "StudentDailyReport", "StudentDailyReport\StudentDailyReport.csproj", "{EA0EFF85-D19F-43E2-98E1-91FBFEF8FAF2}"
EndProject
Global
	GlobalSection(SolutionConfigurationPlatforms) = preSolution
		Debug|Any CPU = Debug|Any CPU
		Release|Any CPU = Release|Any CPU
	EndGlobalSection
	GlobalSection(ProjectConfigurationPlatforms) = postSolution
		{EA0EFF85-D19F-43E2-98E1-91FBFEF8FAF2}.Debug|Any CPU.ActiveCfg = Debug|Any CPU
		{EA0EFF85-D19F-43E2-98E1-91FBFEF8FAF2}.Debug|Any CPU.Build.0 = Debug|Any CPU
		{EA0EFF85-D19F-43E2-98E1-91FBFEF8FAF2}.Release|Any CPU.ActiveCfg = Release|Any CPU
		{EA0EFF85-D19F-43E2-98E1-91FBFEF8FAF2}.Release|Any CPU.Build.0 = Release|Any CPU
	EndGlobalSection
	GlobalSection(SolutionProperties) = preSolution
		HideSolutionNode = FALSE
	EndGlobalSection
	GlobalSection(ExtensibilityGlobals) = postSolution
		SolutionGuid = {7ED1784A-BF8C-4277-8091-75D36ECF7FE8}
	EndGlobalSection
EndGlobal
