
Microsoft Visual Studio Solution File, Format Version 12.00
# Visual Studio Version 16
VisualStudioVersion = 16.0.34601.136
MinimumVisualStudioVersion = 10.0.40219.1
Project("{FAE04EC0-301F-11D3-BF4B-00C04F79EFBC}") = "ArraysAndLists", "ArraysAndLists\ArraysAndLists.csproj", "{51EA4505-485F-43EF-B98E-88C9B4B7B405}"
EndProject
Global
	GlobalSection(SolutionConfigurationPlatforms) = preSolution
		Debug|Any CPU = Debug|Any CPU
		Release|Any CPU = Release|Any CPU
	EndGlobalSection
	GlobalSection(ProjectConfigurationPlatforms) = postSolution
		{51EA4505-485F-43EF-B98E-88C9B4B7B405}.Debug|Any CPU.ActiveCfg = Debug|Any CPU
		{51EA4505-485F-43EF-B98E-88C9B4B7B405}.Debug|Any CPU.Build.0 = Debug|Any CPU
		{51EA4505-485F-43EF-B98E-88C9B4B7B405}.Release|Any CPU.ActiveCfg = Release|Any CPU
		{51EA4505-485F-43EF-B98E-88C9B4B7B405}.Release|Any CPU.Build.0 = Release|Any CPU
	EndGlobalSection
	GlobalSection(SolutionProperties) = preSolution
		HideSolutionNode = FALSE
	EndGlobalSection
	GlobalSection(ExtensibilityGlobals) = postSolution
		SolutionGuid = {F085195C-8C2F-4A17-8813-A1BE0F990971}
	EndGlobalSection
EndGlobal
