
Microsoft Visual Studio Solution File, Format Version 12.00
# Visual Studio Version 16
VisualStudioVersion = 16.0.34601.136
MinimumVisualStudioVersion = 10.0.40219.1
Project("{FAE04EC0-301F-11D3-BF4B-00C04F79EFBC}") = "Method Submission 4", "Method Submission 4\Method Submission 4.csproj", "{534C31A5-EC25-4A01-B162-BF7091818DEF}"
EndProject
Global
	GlobalSection(SolutionConfigurationPlatforms) = preSolution
		Debug|Any CPU = Debug|Any CPU
		Release|Any CPU = Release|Any CPU
	EndGlobalSection
	GlobalSection(ProjectConfigurationPlatforms) = postSolution
		{534C31A5-EC25-4A01-B162-BF7091818DEF}.Debug|Any CPU.ActiveCfg = Debug|Any CPU
		{534C31A5-EC25-4A01-B162-BF7091818DEF}.Debug|Any CPU.Build.0 = Debug|Any CPU
		{534C31A5-EC25-4A01-B162-BF7091818DEF}.Release|Any CPU.ActiveCfg = Release|Any CPU
		{534C31A5-EC25-4A01-B162-BF7091818DEF}.Release|Any CPU.Build.0 = Release|Any CPU
	EndGlobalSection
	GlobalSection(SolutionProperties) = preSolution
		HideSolutionNode = FALSE
	EndGlobalSection
	GlobalSection(ExtensibilityGlobals) = postSolution
		SolutionGuid = {49970628-5EBC-489B-82FE-768698B548C1}
	EndGlobalSection
EndGlobal
