
Microsoft Visual Studio Solution File, Format Version 12.00
# Visual Studio Version 16
VisualStudioVersion = 16.0.34729.46
MinimumVisualStudioVersion = 10.0.40219.1
Project("{FAE04EC0-301F-11D3-BF4B-00C04F79EFBC}") = "DateTimeSubmission", "DateTimeSubmission\DateTimeSubmission.csproj", "{D5518F12-6634-4867-8564-DA6E5B0B997A}"
EndProject
Global
	GlobalSection(SolutionConfigurationPlatforms) = preSolution
		Debug|Any CPU = Debug|Any CPU
		Release|Any CPU = Release|Any CPU
	EndGlobalSection
	GlobalSection(ProjectConfigurationPlatforms) = postSolution
		{D5518F12-6634-4867-8564-DA6E5B0B997A}.Debug|Any CPU.ActiveCfg = Debug|Any CPU
		{D5518F12-6634-4867-8564-DA6E5B0B997A}.Debug|Any CPU.Build.0 = Debug|Any CPU
		{D5518F12-6634-4867-8564-DA6E5B0B997A}.Release|Any CPU.ActiveCfg = Release|Any CPU
		{D5518F12-6634-4867-8564-DA6E5B0B997A}.Release|Any CPU.Build.0 = Release|Any CPU
	EndGlobalSection
	GlobalSection(SolutionProperties) = preSolution
		HideSolutionNode = FALSE
	EndGlobalSection
	GlobalSection(ExtensibilityGlobals) = postSolution
		SolutionGuid = {D28F93D0-037A-4487-B78C-8E668EE336A9}
	EndGlobalSection
EndGlobal
