
Microsoft Visual Studio Solution File, Format Version 12.00
# Visual Studio Version 16
VisualStudioVersion = 16.0.34729.46
MinimumVisualStudioVersion = 10.0.40219.1
Project("{FAE04EC0-301F-11D3-BF4B-00C04F79EFBC}") = "InputAssignment", "InputAssignment\InputAssignment.csproj", "{7CA70BA0-3431-4E89-B442-CB34189E5DCB}"
EndProject
Global
	GlobalSection(SolutionConfigurationPlatforms) = preSolution
		Debug|Any CPU = Debug|Any CPU
		Release|Any CPU = Release|Any CPU
	EndGlobalSection
	GlobalSection(ProjectConfigurationPlatforms) = postSolution
		{7CA70BA0-3431-4E89-B442-CB34189E5DCB}.Debug|Any CPU.ActiveCfg = Debug|Any CPU
		{7CA70BA0-3431-4E89-B442-CB34189E5DCB}.Debug|Any CPU.Build.0 = Debug|Any CPU
		{7CA70BA0-3431-4E89-B442-CB34189E5DCB}.Release|Any CPU.ActiveCfg = Release|Any CPU
		{7CA70BA0-3431-4E89-B442-CB34189E5DCB}.Release|Any CPU.Build.0 = Release|Any CPU
	EndGlobalSection
	GlobalSection(SolutionProperties) = preSolution
		HideSolutionNode = FALSE
	EndGlobalSection
	GlobalSection(ExtensibilityGlobals) = postSolution
		SolutionGuid = {4E035C27-9C13-4D5A-8DB8-8EF54AD44E26}
	EndGlobalSection
EndGlobal
