
Microsoft Visual Studio Solution File, Format Version 12.00
# Visual Studio Version 16
VisualStudioVersion = 16.0.34729.46
MinimumVisualStudioVersion = 10.0.40219.1
Project("{FAE04EC0-301F-11D3-BF4B-00C04F79EFBC}") = "StructAssignment", "StructAssignment\StructAssignment.csproj", "{8C93E0B7-4AA1-46DC-AF0E-6EEEEE34FEE3}"
EndProject
Global
	GlobalSection(SolutionConfigurationPlatforms) = preSolution
		Debug|Any CPU = Debug|Any CPU
		Release|Any CPU = Release|Any CPU
	EndGlobalSection
	GlobalSection(ProjectConfigurationPlatforms) = postSolution
		{8C93E0B7-4AA1-46DC-AF0E-6EEEEE34FEE3}.Debug|Any CPU.ActiveCfg = Debug|Any CPU
		{8C93E0B7-4AA1-46DC-AF0E-6EEEEE34FEE3}.Debug|Any CPU.Build.0 = Debug|Any CPU
		{8C93E0B7-4AA1-46DC-AF0E-6EEEEE34FEE3}.Release|Any CPU.ActiveCfg = Release|Any CPU
		{8C93E0B7-4AA1-46DC-AF0E-6EEEEE34FEE3}.Release|Any CPU.Build.0 = Release|Any CPU
	EndGlobalSection
	GlobalSection(SolutionProperties) = preSolution
		HideSolutionNode = FALSE
	EndGlobalSection
	GlobalSection(ExtensibilityGlobals) = postSolution
		SolutionGuid = {5F3CB7FB-97A9-4461-AEE2-02B8DA588095}
	EndGlobalSection
EndGlobal
