
Microsoft Visual Studio Solution File, Format Version 12.00
# Visual Studio Version 16
VisualStudioVersion = 16.0.34601.136
MinimumVisualStudioVersion = 10.0.40219.1
Project("{FAE04EC0-301F-11D3-BF4B-00C04F79EFBC}") = "StringAndIntegers Submission", "StringAndIntegers Submission\StringAndIntegers Submission.csproj", "{FD844248-992E-404C-A893-43FD49B73159}"
EndProject
Global
	GlobalSection(SolutionConfigurationPlatforms) = preSolution
		Debug|Any CPU = Debug|Any CPU
		Release|Any CPU = Release|Any CPU
	EndGlobalSection
	GlobalSection(ProjectConfigurationPlatforms) = postSolution
		{FD844248-992E-404C-A893-43FD49B73159}.Debug|Any CPU.ActiveCfg = Debug|Any CPU
		{FD844248-992E-404C-A893-43FD49B73159}.Debug|Any CPU.Build.0 = Debug|Any CPU
		{FD844248-992E-404C-A893-43FD49B73159}.Release|Any CPU.ActiveCfg = Release|Any CPU
		{FD844248-992E-404C-A893-43FD49B73159}.Release|Any CPU.Build.0 = Release|Any CPU
	EndGlobalSection
	GlobalSection(SolutionProperties) = preSolution
		HideSolutionNode = FALSE
	EndGlobalSection
	GlobalSection(ExtensibilityGlobals) = postSolution
		SolutionGuid = {EEAA261D-5BE6-41C8-B927-DC12A8B65939}
	EndGlobalSection
EndGlobal
