
Microsoft Visual Studio Solution File, Format Version 12.00
# Visual Studio Version 16
VisualStudioVersion = 16.0.34601.136
MinimumVisualStudioVersion = 10.0.40219.1
Project("{FAE04EC0-301F-11D3-BF4B-00C04F79EFBC}") = "MathAndComparison assignment", "MathAndComparison assignment\MathAndComparison assignment.csproj", "{8266221B-C97A-460F-A4CE-871DA06CEE8D}"
EndProject
Global
	GlobalSection(SolutionConfigurationPlatforms) = preSolution
		Debug|Any CPU = Debug|Any CPU
		Release|Any CPU = Release|Any CPU
	EndGlobalSection
	GlobalSection(ProjectConfigurationPlatforms) = postSolution
		{8266221B-C97A-460F-A4CE-871DA06CEE8D}.Debug|Any CPU.ActiveCfg = Debug|Any CPU
		{8266221B-C97A-460F-A4CE-871DA06CEE8D}.Debug|Any CPU.Build.0 = Debug|Any CPU
		{8266221B-C97A-460F-A4CE-871DA06CEE8D}.Release|Any CPU.ActiveCfg = Release|Any CPU
		{8266221B-C97A-460F-A4CE-871DA06CEE8D}.Release|Any CPU.Build.0 = Release|Any CPU
	EndGlobalSection
	GlobalSection(SolutionProperties) = preSolution
		HideSolutionNode = FALSE
	EndGlobalSection
	GlobalSection(ExtensibilityGlobals) = postSolution
		SolutionGuid = {F3B0A3EF-D766-4ACF-8B65-F47F00526C2A}
	EndGlobalSection
EndGlobal
