
Microsoft Visual Studio Solution File, Format Version 12.00
# Visual Studio Version 16
VisualStudioVersion = 16.0.34601.136
MinimumVisualStudioVersion = 10.0.40219.1
Project("{FAE04EC0-301F-11D3-BF4B-00C04F79EFBC}") = "Branching", "Branching\Branching.csproj", "{DDA96B05-52F3-482C-9F86-6B9649A48F8A}"
EndProject
Global
	GlobalSection(SolutionConfigurationPlatforms) = preSolution
		Debug|Any CPU = Debug|Any CPU
		Release|Any CPU = Release|Any CPU
	EndGlobalSection
	GlobalSection(ProjectConfigurationPlatforms) = postSolution
		{DDA96B05-52F3-482C-9F86-6B9649A48F8A}.Debug|Any CPU.ActiveCfg = Debug|Any CPU
		{DDA96B05-52F3-482C-9F86-6B9649A48F8A}.Debug|Any CPU.Build.0 = Debug|Any CPU
		{DDA96B05-52F3-482C-9F86-6B9649A48F8A}.Release|Any CPU.ActiveCfg = Release|Any CPU
		{DDA96B05-52F3-482C-9F86-6B9649A48F8A}.Release|Any CPU.Build.0 = Release|Any CPU
	EndGlobalSection
	GlobalSection(SolutionProperties) = preSolution
		HideSolutionNode = FALSE
	EndGlobalSection
	GlobalSection(ExtensibilityGlobals) = postSolution
		SolutionGuid = {40F9F28E-5EBA-484B-A14A-3AC6EB8B50AD}
	EndGlobalSection
EndGlobal
