
Microsoft Visual Studio Solution File, Format Version 12.00
# Visual Studio Version 16
VisualStudioVersion = 16.0.34601.136
MinimumVisualStudioVersion = 10.0.40219.1
Project("{FAE04EC0-301F-11D3-BF4B-00C04F79EFBC}") = "Method Submission 3", "Method Submission 3\Method Submission 3.csproj", "{BE0369C7-5937-4C50-BFCF-18217ECD4D81}"
EndProject
Global
	GlobalSection(SolutionConfigurationPlatforms) = preSolution
		Debug|Any CPU = Debug|Any CPU
		Release|Any CPU = Release|Any CPU
	EndGlobalSection
	GlobalSection(ProjectConfigurationPlatforms) = postSolution
		{BE0369C7-5937-4C50-BFCF-18217ECD4D81}.Debug|Any CPU.ActiveCfg = Debug|Any CPU
		{BE0369C7-5937-4C50-BFCF-18217ECD4D81}.Debug|Any CPU.Build.0 = Debug|Any CPU
		{BE0369C7-5937-4C50-BFCF-18217ECD4D81}.Release|Any CPU.ActiveCfg = Release|Any CPU
		{BE0369C7-5937-4C50-BFCF-18217ECD4D81}.Release|Any CPU.Build.0 = Release|Any CPU
	EndGlobalSection
	GlobalSection(SolutionProperties) = preSolution
		HideSolutionNode = FALSE
	EndGlobalSection
	GlobalSection(ExtensibilityGlobals) = postSolution
		SolutionGuid = {6AC20781-C733-4977-8527-C637BD97737C}
	EndGlobalSection
EndGlobal
