
Microsoft Visual Studio Solution File, Format Version 12.00
# Visual Studio Version 16
VisualStudioVersion = 16.0.34729.46
MinimumVisualStudioVersion = 10.0.40219.1
Project("{FAE04EC0-301F-11D3-BF4B-00C04F79EFBC}") = "TechAcadStudentsMVC", "TechAcadStudentsMVC\TechAcadStudentsMVC.csproj", "{D1C23060-7D4B-46C0-8703-8AD7F0613AA8}"
EndProject
Global
	GlobalSection(SolutionConfigurationPlatforms) = preSolution
		Debug|Any CPU = Debug|Any CPU
		Release|Any CPU = Release|Any CPU
	EndGlobalSection
	GlobalSection(ProjectConfigurationPlatforms) = postSolution
		{D1C23060-7D4B-46C0-8703-8AD7F0613AA8}.Debug|Any CPU.ActiveCfg = Debug|Any CPU
		{D1C23060-7D4B-46C0-8703-8AD7F0613AA8}.Debug|Any CPU.Build.0 = Debug|Any CPU
		{D1C23060-7D4B-46C0-8703-8AD7F0613AA8}.Release|Any CPU.ActiveCfg = Release|Any CPU
		{D1C23060-7D4B-46C0-8703-8AD7F0613AA8}.Release|Any CPU.Build.0 = Release|Any CPU
	EndGlobalSection
	GlobalSection(SolutionProperties) = preSolution
		HideSolutionNode = FALSE
	EndGlobalSection
	GlobalSection(ExtensibilityGlobals) = postSolution
		SolutionGuid = {72A5248A-71BD-41FA-8C2D-784111B18E1B}
	EndGlobalSection
EndGlobal
