
Microsoft Visual Studio Solution File, Format Version 12.00
# Visual Studio Version 16
VisualStudioVersion = 16.0.34601.136
MinimumVisualStudioVersion = 10.0.40219.1
Project("{FAE04EC0-301F-11D3-BF4B-00C04F79EFBC}") = "StringFunctions", "StringFunctions\StringFunctions.csproj", "{1B22742C-4805-42AD-B0A6-9097C74C4039}"
EndProject
Global
	GlobalSection(SolutionConfigurationPlatforms) = preSolution
		Debug|Any CPU = Debug|Any CPU
		Release|Any CPU = Release|Any CPU
	EndGlobalSection
	GlobalSection(ProjectConfigurationPlatforms) = postSolution
		{1B22742C-4805-42AD-B0A6-9097C74C4039}.Debug|Any CPU.ActiveCfg = Debug|Any CPU
		{1B22742C-4805-42AD-B0A6-9097C74C4039}.Debug|Any CPU.Build.0 = Debug|Any CPU
		{1B22742C-4805-42AD-B0A6-9097C74C4039}.Release|Any CPU.ActiveCfg = Release|Any CPU
		{1B22742C-4805-42AD-B0A6-9097C74C4039}.Release|Any CPU.Build.0 = Release|Any CPU
	EndGlobalSection
	GlobalSection(SolutionProperties) = preSolution
		HideSolutionNode = FALSE
	EndGlobalSection
	GlobalSection(ExtensibilityGlobals) = postSolution
		SolutionGuid = {15A7A7CE-CB74-43BE-BCBD-BDD851E07024}
	EndGlobalSection
EndGlobal
