
Microsoft Visual Studio Solution File, Format Version 12.00
# Visual Studio Version 16
VisualStudioVersion = 16.0.34601.136
MinimumVisualStudioVersion = 10.0.40219.1
Project("{FAE04EC0-301F-11D3-BF4B-00C04F79EFBC}") = "String Assignment", "String Assignment\String Assignment.csproj", "{89D42C88-5C0A-4E88-AFEC-B3B487775C0F}"
EndProject
Global
	GlobalSection(SolutionConfigurationPlatforms) = preSolution
		Debug|Any CPU = Debug|Any CPU
		Release|Any CPU = Release|Any CPU
	EndGlobalSection
	GlobalSection(ProjectConfigurationPlatforms) = postSolution
		{89D42C88-5C0A-4E88-AFEC-B3B487775C0F}.Debug|Any CPU.ActiveCfg = Debug|Any CPU
		{89D42C88-5C0A-4E88-AFEC-B3B487775C0F}.Debug|Any CPU.Build.0 = Debug|Any CPU
		{89D42C88-5C0A-4E88-AFEC-B3B487775C0F}.Release|Any CPU.ActiveCfg = Release|Any CPU
		{89D42C88-5C0A-4E88-AFEC-B3B487775C0F}.Release|Any CPU.Build.0 = Release|Any CPU
	EndGlobalSection
	GlobalSection(SolutionProperties) = preSolution
		HideSolutionNode = FALSE
	EndGlobalSection
	GlobalSection(ExtensibilityGlobals) = postSolution
		SolutionGuid = {D706F4B0-6408-474B-B064-B7706E1EB254}
	EndGlobalSection
EndGlobal
